
Microsoft Visual Studio Solution File, Format Version 12.00
# Visual Studio Version 17
VisualStudioVersion = 17.5.002.0
MinimumVisualStudioVersion = 10.0.40219.1
Project("{9A19103F-16F7-4668-BE54-9A1E7A4F7556}") = "Ex.2", "Ex.2.csproj", "{42B3B6AE-2985-4BB4-9083-F66FB9293449}"
EndProject
Global
	GlobalSection(SolutionConfigurationPlatforms) = preSolution
		Debug|Any CPU = Debug|Any CPU
		Release|Any CPU = Release|Any CPU
	EndGlobalSection
	GlobalSection(ProjectConfigurationPlatforms) = postSolution
		{42B3B6AE-2985-4BB4-9083-F66FB9293449}.Debug|Any CPU.ActiveCfg = Debug|Any CPU
		{42B3B6AE-2985-4BB4-9083-F66FB9293449}.Debug|Any CPU.Build.0 = Debug|Any CPU
		{42B3B6AE-2985-4BB4-9083-F66FB9293449}.Release|Any CPU.ActiveCfg = Release|Any CPU
		{42B3B6AE-2985-4BB4-9083-F66FB9293449}.Release|Any CPU.Build.0 = Release|Any CPU
	EndGlobalSection
	GlobalSection(SolutionProperties) = preSolution
		HideSolutionNode = FALSE
	EndGlobalSection
	GlobalSection(ExtensibilityGlobals) = postSolution
		SolutionGuid = {F8112AC2-4D77-497A-AC91-F4ED69995487}
	EndGlobalSection
EndGlobal
